
Microsoft Visual Studio Solution File, Format Version 10.00
# Visual Studio 2008
Project("{E24C65DC-7377-472B-9ABA-BC803B73C61A}") = "bo02", "http://localhost/bo02", "{85934E1D-8A89-44BA-B735-A594C08C97D9}"
	ProjectSection(WebsiteProperties) = preProject
		TargetFramework = "2.0"
		Debug.AspNetCompiler.VirtualPath = "/bo02"
		Debug.AspNetCompiler.PhysicalPath = "E:\projecten\BO03\webroot\"
		Debug.AspNetCompiler.TargetPath = "PrecompiledWeb\bo02\"
		Debug.AspNetCompiler.Updateable = "true"
		Debug.AspNetCompiler.ForceOverwrite = "true"
		Debug.AspNetCompiler.FixedNames = "false"
		Debug.AspNetCompiler.Debug = "True"
		Release.AspNetCompiler.VirtualPath = "/bo02"
		Release.AspNetCompiler.PhysicalPath = "E:\projecten\BO03\webroot\"
		Release.AspNetCompiler.TargetPath = "PrecompiledWeb\bo02\"
		Release.AspNetCompiler.Updateable = "true"
		Release.AspNetCompiler.ForceOverwrite = "true"
		Release.AspNetCompiler.FixedNames = "false"
		Release.AspNetCompiler.Debug = "False"
		SlnRelativePath = "E:\projecten\BO03\webroot\"
	EndProjectSection
EndProject
Global
	GlobalSection(SolutionConfigurationPlatforms) = preSolution
		Debug|.NET = Debug|.NET
	EndGlobalSection
	GlobalSection(ProjectConfigurationPlatforms) = postSolution
		{85934E1D-8A89-44BA-B735-A594C08C97D9}.Debug|.NET.ActiveCfg = Debug|.NET
		{85934E1D-8A89-44BA-B735-A594C08C97D9}.Debug|.NET.Build.0 = Debug|.NET
	EndGlobalSection
	GlobalSection(SolutionProperties) = preSolution
		HideSolutionNode = FALSE
	EndGlobalSection
EndGlobal
